
Microsoft Visual Studio Solution File, Format Version 12.00
# Visual Studio Version 17
VisualStudioVersion = 17.9.34723.18
MinimumVisualStudioVersion = 10.0.40219.1
Project("{FAE04EC0-301F-11D3-BF4B-00C04F79EFBC}") = "MusicStore.Web", "MusicStore.Web\MusicStore.Web.csproj", "{65D0793A-3F10-4C44-93B9-87A17D6C3FB0}"
	ProjectSection(ProjectDependencies) = postProject
		{39F06D31-7404-4965-AA49-96B48A845412} = {39F06D31-7404-4965-AA49-96B48A845412}
	EndProjectSection
EndProject
Project("{FAE04EC0-301F-11D3-BF4B-00C04F79EFBC}") = "MusicStore.Domain", "MusicStore.Domain\MusicStore.Domain.csproj", "{CAB26C3E-57FF-4988-A235-BBEF5D42C282}"
EndProject
Project("{FAE04EC0-301F-11D3-BF4B-00C04F79EFBC}") = "MusicStore.Repository", "MusicStore.Repository\MusicStore.Repository.csproj", "{CCE53593-E8AB-4B5D-B107-A8C27AEF3E6E}"
EndProject
Project("{FAE04EC0-301F-11D3-BF4B-00C04F79EFBC}") = "MusicStore.Service", "MusicStore.Service\MusicStore.Service.csproj", "{39F06D31-7404-4965-AA49-96B48A845412}"
EndProject
Global
	GlobalSection(SolutionConfigurationPlatforms) = preSolution
		Debug|Any CPU = Debug|Any CPU
		Release|Any CPU = Release|Any CPU
	EndGlobalSection
	GlobalSection(ProjectConfigurationPlatforms) = postSolution
		{65D0793A-3F10-4C44-93B9-87A17D6C3FB0}.Debug|Any CPU.ActiveCfg = Debug|Any CPU
		{65D0793A-3F10-4C44-93B9-87A17D6C3FB0}.Debug|Any CPU.Build.0 = Debug|Any CPU
		{65D0793A-3F10-4C44-93B9-87A17D6C3FB0}.Release|Any CPU.ActiveCfg = Release|Any CPU
		{65D0793A-3F10-4C44-93B9-87A17D6C3FB0}.Release|Any CPU.Build.0 = Release|Any CPU
		{CAB26C3E-57FF-4988-A235-BBEF5D42C282}.Debug|Any CPU.ActiveCfg = Debug|Any CPU
		{CAB26C3E-57FF-4988-A235-BBEF5D42C282}.Debug|Any CPU.Build.0 = Debug|Any CPU
		{CAB26C3E-57FF-4988-A235-BBEF5D42C282}.Release|Any CPU.ActiveCfg = Release|Any CPU
		{CAB26C3E-57FF-4988-A235-BBEF5D42C282}.Release|Any CPU.Build.0 = Release|Any CPU
		{CCE53593-E8AB-4B5D-B107-A8C27AEF3E6E}.Debug|Any CPU.ActiveCfg = Debug|Any CPU
		{CCE53593-E8AB-4B5D-B107-A8C27AEF3E6E}.Debug|Any CPU.Build.0 = Debug|Any CPU
		{CCE53593-E8AB-4B5D-B107-A8C27AEF3E6E}.Release|Any CPU.ActiveCfg = Release|Any CPU
		{CCE53593-E8AB-4B5D-B107-A8C27AEF3E6E}.Release|Any CPU.Build.0 = Release|Any CPU
		{39F06D31-7404-4965-AA49-96B48A845412}.Debug|Any CPU.ActiveCfg = Debug|Any CPU
		{39F06D31-7404-4965-AA49-96B48A845412}.Debug|Any CPU.Build.0 = Debug|Any CPU
		{39F06D31-7404-4965-AA49-96B48A845412}.Release|Any CPU.ActiveCfg = Release|Any CPU
		{39F06D31-7404-4965-AA49-96B48A845412}.Release|Any CPU.Build.0 = Release|Any CPU
	EndGlobalSection
	GlobalSection(SolutionProperties) = preSolution
		HideSolutionNode = FALSE
	EndGlobalSection
	GlobalSection(ExtensibilityGlobals) = postSolution
		SolutionGuid = {A341A7C2-A6C8-4564-8102-DC351EE111D8}
	EndGlobalSection
EndGlobal
